
Microsoft Visual Studio Solution File, Format Version 12.00
# Visual Studio Express 2013 for Windows Desktop
VisualStudioVersion = 12.0.21005.1
MinimumVisualStudioVersion = 10.0.40219.1
Project("{FAE04EC0-301F-11D3-BF4B-00C04F79EFBC}") = "EVWhenPFRCalled", "EVWhenPFRCalled\EVWhenPFRCalled.csproj", "{3687F039-9D6F-4B2B-9709-48DFA85825F7}"
EndProject
Project("{FAE04EC0-301F-11D3-BF4B-00C04F79EFBC}") = "PokerLib2", "..\PokerLib2\PokerLib2.csproj", "{ABA326E6-BDC1-4316-B5BE-929D6B696148}"
EndProject
Project("{FAE04EC0-301F-11D3-BF4B-00C04F79EFBC}") = "PokerLib2Tests", "..\PokerLib2Tests\PokerLib2Tests.csproj", "{44E058C8-43C4-49B3-AB6B-E5B43A2C3A3A}"
EndProject
Project("{FAE04EC0-301F-11D3-BF4B-00C04F79EFBC}") = "EquityRealizedWhenPFRCalled", "EquityRealizedWhenPFRCalled\EquityRealizedWhenPFRCalled.csproj", "{FEFE3F74-23D6-4A70-ACE1-D5CB0C11244F}"
EndProject
Project("{FAE04EC0-301F-11D3-BF4B-00C04F79EFBC}") = "ERWhenCalling3Bet", "ERWhenCalling3Bet\ERWhenCalling3Bet.csproj", "{7C8DB19B-DF76-464F-910C-224159442900}"
EndProject
Global
	GlobalSection(SolutionConfigurationPlatforms) = preSolution
		Debug|Any CPU = Debug|Any CPU
		Release|Any CPU = Release|Any CPU
	EndGlobalSection
	GlobalSection(ProjectConfigurationPlatforms) = postSolution
		{3687F039-9D6F-4B2B-9709-48DFA85825F7}.Debug|Any CPU.ActiveCfg = Debug|Any CPU
		{3687F039-9D6F-4B2B-9709-48DFA85825F7}.Debug|Any CPU.Build.0 = Debug|Any CPU
		{3687F039-9D6F-4B2B-9709-48DFA85825F7}.Release|Any CPU.ActiveCfg = Release|Any CPU
		{3687F039-9D6F-4B2B-9709-48DFA85825F7}.Release|Any CPU.Build.0 = Release|Any CPU
		{ABA326E6-BDC1-4316-B5BE-929D6B696148}.Debug|Any CPU.ActiveCfg = Debug|Any CPU
		{ABA326E6-BDC1-4316-B5BE-929D6B696148}.Debug|Any CPU.Build.0 = Debug|Any CPU
		{ABA326E6-BDC1-4316-B5BE-929D6B696148}.Release|Any CPU.ActiveCfg = Release|Any CPU
		{ABA326E6-BDC1-4316-B5BE-929D6B696148}.Release|Any CPU.Build.0 = Release|Any CPU
		{44E058C8-43C4-49B3-AB6B-E5B43A2C3A3A}.Debug|Any CPU.ActiveCfg = Debug|Any CPU
		{44E058C8-43C4-49B3-AB6B-E5B43A2C3A3A}.Debug|Any CPU.Build.0 = Debug|Any CPU
		{44E058C8-43C4-49B3-AB6B-E5B43A2C3A3A}.Release|Any CPU.ActiveCfg = Release|Any CPU
		{44E058C8-43C4-49B3-AB6B-E5B43A2C3A3A}.Release|Any CPU.Build.0 = Release|Any CPU
		{FEFE3F74-23D6-4A70-ACE1-D5CB0C11244F}.Debug|Any CPU.ActiveCfg = Debug|Any CPU
		{FEFE3F74-23D6-4A70-ACE1-D5CB0C11244F}.Debug|Any CPU.Build.0 = Debug|Any CPU
		{FEFE3F74-23D6-4A70-ACE1-D5CB0C11244F}.Release|Any CPU.ActiveCfg = Release|Any CPU
		{FEFE3F74-23D6-4A70-ACE1-D5CB0C11244F}.Release|Any CPU.Build.0 = Release|Any CPU
		{7C8DB19B-DF76-464F-910C-224159442900}.Debug|Any CPU.ActiveCfg = Debug|Any CPU
		{7C8DB19B-DF76-464F-910C-224159442900}.Debug|Any CPU.Build.0 = Debug|Any CPU
		{7C8DB19B-DF76-464F-910C-224159442900}.Release|Any CPU.ActiveCfg = Release|Any CPU
		{7C8DB19B-DF76-464F-910C-224159442900}.Release|Any CPU.Build.0 = Release|Any CPU
	EndGlobalSection
	GlobalSection(SolutionProperties) = preSolution
		HideSolutionNode = FALSE
	EndGlobalSection
EndGlobal
